
Microsoft Visual Studio Solution File, Format Version 12.00
# Visual Studio Version 16
VisualStudioVersion = 16.0.31005.135
MinimumVisualStudioVersion = 10.0.40219.1
Project("{FAE04EC0-301F-11D3-BF4B-00C04F79EFBC}") = "ZooFormUI", "ZooFormUI\ZooFormUI.csproj", "{BC0D20AF-6192-49E8-8778-DF55FED845FA}"
EndProject
Global
	GlobalSection(SolutionConfigurationPlatforms) = preSolution
		Debug|Any CPU = Debug|Any CPU
		Release|Any CPU = Release|Any CPU
	EndGlobalSection
	GlobalSection(ProjectConfigurationPlatforms) = postSolution
		{BC0D20AF-6192-49E8-8778-DF55FED845FA}.Debug|Any CPU.ActiveCfg = Debug|Any CPU
		{BC0D20AF-6192-49E8-8778-DF55FED845FA}.Debug|Any CPU.Build.0 = Debug|Any CPU
		{BC0D20AF-6192-49E8-8778-DF55FED845FA}.Release|Any CPU.ActiveCfg = Release|Any CPU
		{BC0D20AF-6192-49E8-8778-DF55FED845FA}.Release|Any CPU.Build.0 = Release|Any CPU
	EndGlobalSection
	GlobalSection(SolutionProperties) = preSolution
		HideSolutionNode = FALSE
	EndGlobalSection
	GlobalSection(ExtensibilityGlobals) = postSolution
		SolutionGuid = {D5424DF5-1866-45F2-A91A-DC813CD9E61A}
	EndGlobalSection
EndGlobal
